
Microsoft Visual Studio Solution File, Format Version 12.00
# Visual Studio Version 17
VisualStudioVersion = 17.5.33414.496
MinimumVisualStudioVersion = 10.0.40219.1
Project("{FAE04EC0-301F-11D3-BF4B-00C04F79EFBC}") = "ArrayList_1", "ArrayList_1\ArrayList_1.csproj", "{9CA0FB21-D079-4B76-8DD9-47D6BBBA2E77}"
EndProject
Project("{FAE04EC0-301F-11D3-BF4B-00C04F79EFBC}") = "ArrayList_2", "ArrayList_2\ArrayList_2.csproj", "{B71A7A2E-7D49-4985-A157-1EA01407C4DB}"
EndProject
Global
	GlobalSection(SolutionConfigurationPlatforms) = preSolution
		Debug|Any CPU = Debug|Any CPU
		Release|Any CPU = Release|Any CPU
	EndGlobalSection
	GlobalSection(ProjectConfigurationPlatforms) = postSolution
		{9CA0FB21-D079-4B76-8DD9-47D6BBBA2E77}.Debug|Any CPU.ActiveCfg = Debug|Any CPU
		{9CA0FB21-D079-4B76-8DD9-47D6BBBA2E77}.Debug|Any CPU.Build.0 = Debug|Any CPU
		{9CA0FB21-D079-4B76-8DD9-47D6BBBA2E77}.Release|Any CPU.ActiveCfg = Release|Any CPU
		{9CA0FB21-D079-4B76-8DD9-47D6BBBA2E77}.Release|Any CPU.Build.0 = Release|Any CPU
		{B71A7A2E-7D49-4985-A157-1EA01407C4DB}.Debug|Any CPU.ActiveCfg = Debug|Any CPU
		{B71A7A2E-7D49-4985-A157-1EA01407C4DB}.Debug|Any CPU.Build.0 = Debug|Any CPU
		{B71A7A2E-7D49-4985-A157-1EA01407C4DB}.Release|Any CPU.ActiveCfg = Release|Any CPU
		{B71A7A2E-7D49-4985-A157-1EA01407C4DB}.Release|Any CPU.Build.0 = Release|Any CPU
	EndGlobalSection
	GlobalSection(SolutionProperties) = preSolution
		HideSolutionNode = FALSE
	EndGlobalSection
	GlobalSection(ExtensibilityGlobals) = postSolution
		SolutionGuid = {3CF6EF2A-3EDC-411C-9582-40AD9DD25DF1}
	EndGlobalSection
EndGlobal
